
Microsoft Visual Studio Solution File, Format Version 12.00
# Visual Studio Version 16
VisualStudioVersion = 16.0.29911.84
MinimumVisualStudioVersion = 10.0.40219.1
Project("{FAE04EC0-301F-11D3-BF4B-00C04F79EFBC}") = "Blazor-HeroesTour", "Blazor-HeroesTour\Blazor-HeroesTour.csproj", "{32089DF1-C3AD-4315-9E60-363E8B06C072}"
EndProject
Global
	GlobalSection(SolutionConfigurationPlatforms) = preSolution
		Debug|Any CPU = Debug|Any CPU
		Release|Any CPU = Release|Any CPU
	EndGlobalSection
	GlobalSection(ProjectConfigurationPlatforms) = postSolution
		{32089DF1-C3AD-4315-9E60-363E8B06C072}.Debug|Any CPU.ActiveCfg = Debug|Any CPU
		{32089DF1-C3AD-4315-9E60-363E8B06C072}.Debug|Any CPU.Build.0 = Debug|Any CPU
		{32089DF1-C3AD-4315-9E60-363E8B06C072}.Release|Any CPU.ActiveCfg = Release|Any CPU
		{32089DF1-C3AD-4315-9E60-363E8B06C072}.Release|Any CPU.Build.0 = Release|Any CPU
	EndGlobalSection
	GlobalSection(SolutionProperties) = preSolution
		HideSolutionNode = FALSE
	EndGlobalSection
	GlobalSection(ExtensibilityGlobals) = postSolution
		SolutionGuid = {31AB713A-6B5F-4B6F-86A4-507E48854B76}
	EndGlobalSection
EndGlobal
